// !$*UTF8*$!
{
	archiveVersion = 1;
	classes = {
	};
	objectVersion = 56;
	objects = {

/* Begin PBXBuildFile section */
		7C0503182A0A27D700FD837A /* AppDelegate.swift in Sources */ = {isa = PBXBuildFile; fileRef = 7C0503172A0A27D700FD837A /* AppDelegate.swift */; };
		7C05031A2A0A27D700FD837A /* SceneDelegate.swift in Sources */ = {isa = PBXBuildFile; fileRef = 7C0503192A0A27D700FD837A /* SceneDelegate.swift */; };
		7C05031C2A0A27D700FD837A /* MapViewController.swift in Sources */ = {isa = PBXBuildFile; fileRef = 7C05031B2A0A27D700FD837A /* MapViewController.swift */; };
		7C0503222A0A27D700FD837A /* TravelBookWithMapKit.xcdatamodeld in Sources */ = {isa = PBXBuildFile; fileRef = 7C0503202A0A27D700FD837A /* TravelBookWithMapKit.xcdatamodeld */; };
		7C0503242A0A27D800FD837A /* Assets.xcassets in Resources */ = {isa = PBXBuildFile; fileRef = 7C0503232A0A27D800FD837A /* Assets.xcassets */; };
		7C0503272A0A27D800FD837A /* LaunchScreen.storyboard in Resources */ = {isa = PBXBuildFile; fileRef = 7C0503252A0A27D800FD837A /* LaunchScreen.storyboard */; };
		7C0503312A0A667500FD837A /* MapViewModel.swift in Sources */ = {isa = PBXBuildFile; fileRef = 7C0503302A0A667500FD837A /* MapViewModel.swift */; };
		7C0503342A0A66B700FD837A /* MapViewModelOutput.swift in Sources */ = {isa = PBXBuildFile; fileRef = 7C0503332A0A66B700FD837A /* MapViewModelOutput.swift */; };
		7C65746D2A0BD9A300F52030 /* SavedLocation.swift in Sources */ = {isa = PBXBuildFile; fileRef = 7C65746C2A0BD9A300F52030 /* SavedLocation.swift */; };
		7C9AC8242A0CF59D00E3E28D /* SavedLocationsViewController.swift in Sources */ = {isa = PBXBuildFile; fileRef = 7C9AC8232A0CF59D00E3E28D /* SavedLocationsViewController.swift */; };
		7C9AC8262A0CF5CD00E3E28D /* SavedLocationsViewModel.swift in Sources */ = {isa = PBXBuildFile; fileRef = 7C9AC8252A0CF5CD00E3E28D /* SavedLocationsViewModel.swift */; };
		7C9AC8282A0D2CE400E3E28D /* SavedLocationsOutput.swift in Sources */ = {isa = PBXBuildFile; fileRef = 7C9AC8272A0D2CE400E3E28D /* SavedLocationsOutput.swift */; };
/* End PBXBuildFile section */

/* Begin PBXFileReference section */
		7C0503142A0A27D700FD837A /* TravelBookWithMapKit.app */ = {isa = PBXFileReference; explicitFileType = wrapper.application; includeInIndex = 0; path = TravelBookWithMapKit.app; sourceTree = BUILT_PRODUCTS_DIR; };
		7C0503172A0A27D700FD837A /* AppDelegate.swift */ = {isa = PBXFileReference; lastKnownFileType = sourcecode.swift; path = AppDelegate.swift; sourceTree = "<group>"; };
		7C0503192A0A27D700FD837A /* SceneDelegate.swift */ = {isa = PBXFileReference; lastKnownFileType = sourcecode.swift; path = SceneDelegate.swift; sourceTree = "<group>"; };
		7C05031B2A0A27D700FD837A /* MapViewController.swift */ = {isa = PBXFileReference; lastKnownFileType = sourcecode.swift; path = MapViewController.swift; sourceTree = "<group>"; };
		7C0503212A0A27D700FD837A /* TravelBookWithMapKit.xcdatamodel */ = {isa = PBXFileReference; lastKnownFileType = wrapper.xcdatamodel; path = TravelBookWithMapKit.xcdatamodel; sourceTree = "<group>"; };
		7C0503232A0A27D800FD837A /* Assets.xcassets */ = {isa = PBXFileReference; lastKnownFileType = folder.assetcatalog; path = Assets.xcassets; sourceTree = "<group>"; };
		7C0503262A0A27D800FD837A /* Base */ = {isa = PBXFileReference; lastKnownFileType = file.storyboard; name = Base; path = Base.lproj/LaunchScreen.storyboard; sourceTree = "<group>"; };
		7C0503282A0A27D800FD837A /* Info.plist */ = {isa = PBXFileReference; lastKnownFileType = text.plist.xml; path = Info.plist; sourceTree = "<group>"; };
		7C0503302A0A667500FD837A /* MapViewModel.swift */ = {isa = PBXFileReference; lastKnownFileType = sourcecode.swift; path = MapViewModel.swift; sourceTree = "<group>"; };
		7C0503332A0A66B700FD837A /* MapViewModelOutput.swift */ = {isa = PBXFileReference; lastKnownFileType = sourcecode.swift; path = MapViewModelOutput.swift; sourceTree = "<group>"; };
		7C65746C2A0BD9A300F52030 /* SavedLocation.swift */ = {isa = PBXFileReference; lastKnownFileType = sourcecode.swift; path = SavedLocation.swift; sourceTree = "<group>"; };
		7C9AC8232A0CF59D00E3E28D /* SavedLocationsViewController.swift */ = {isa = PBXFileReference; lastKnownFileType = sourcecode.swift; path = SavedLocationsViewController.swift; sourceTree = "<group>"; };
		7C9AC8252A0CF5CD00E3E28D /* SavedLocationsViewModel.swift */ = {isa = PBXFileReference; lastKnownFileType = sourcecode.swift; path = SavedLocationsViewModel.swift; sourceTree = "<group>"; };
		7C9AC8272A0D2CE400E3E28D /* SavedLocationsOutput.swift */ = {isa = PBXFileReference; lastKnownFileType = sourcecode.swift; path = SavedLocationsOutput.swift; sourceTree = "<group>"; };
/* End PBXFileReference section */

/* Begin PBXFrameworksBuildPhase section */
		7C0503112A0A27D700FD837A /* Frameworks */ = {
			isa = PBXFrameworksBuildPhase;
			buildActionMask = 2147483647;
			files = (
			);
			runOnlyForDeploymentPostprocessing = 0;
		};
/* End PBXFrameworksBuildPhase section */

/* Begin PBXGroup section */
		7C05030B2A0A27D700FD837A = {
			isa = PBXGroup;
			children = (
				7C0503162A0A27D700FD837A /* TravelBookWithMapKit */,
				7C0503152A0A27D700FD837A /* Products */,
			);
			sourceTree = "<group>";
		};
		7C0503152A0A27D700FD837A /* Products */ = {
			isa = PBXGroup;
			children = (
				7C0503142A0A27D700FD837A /* TravelBookWithMapKit.app */,
			);
			name = Products;
			sourceTree = "<group>";
		};
		7C0503162A0A27D700FD837A /* TravelBookWithMapKit */ = {
			isa = PBXGroup;
			children = (
				7C9AC8202A0CF52400E3E28D /* SavedLocationsPage */,
				7C9AC81F2A0CF4E500E3E28D /* SaveLocationPage */,
				7C0503172A0A27D700FD837A /* AppDelegate.swift */,
				7C0503192A0A27D700FD837A /* SceneDelegate.swift */,
				7C0503232A0A27D800FD837A /* Assets.xcassets */,
				7C0503252A0A27D800FD837A /* LaunchScreen.storyboard */,
				7C0503282A0A27D800FD837A /* Info.plist */,
				7C0503202A0A27D700FD837A /* TravelBookWithMapKit.xcdatamodeld */,
			);
			path = TravelBookWithMapKit;
			sourceTree = "<group>";
		};
		7C05032E2A0A664500FD837A /* view */ = {
			isa = PBXGroup;
			children = (
				7C0503332A0A66B700FD837A /* MapViewModelOutput.swift */,
				7C05031B2A0A27D700FD837A /* MapViewController.swift */,
			);
			path = view;
			sourceTree = "<group>";
		};
		7C05032F2A0A665900FD837A /* viewModel */ = {
			isa = PBXGroup;
			children = (
				7C0503302A0A667500FD837A /* MapViewModel.swift */,
			);
			path = viewModel;
			sourceTree = "<group>";
		};
		7C65746B2A0BD96C00F52030 /* model */ = {
			isa = PBXGroup;
			children = (
				7C65746C2A0BD9A300F52030 /* SavedLocation.swift */,
			);
			path = model;
			sourceTree = "<group>";
		};
		7C9AC81F2A0CF4E500E3E28D /* SaveLocationPage */ = {
			isa = PBXGroup;
			children = (
				7C05032E2A0A664500FD837A /* view */,
				7C05032F2A0A665900FD837A /* viewModel */,
				7C65746B2A0BD96C00F52030 /* model */,
			);
			path = SaveLocationPage;
			sourceTree = "<group>";
		};
		7C9AC8202A0CF52400E3E28D /* SavedLocationsPage */ = {
			isa = PBXGroup;
			children = (
				7C9AC8222A0CF54B00E3E28D /* viewModel */,
				7C9AC8212A0CF54700E3E28D /* view */,
			);
			path = SavedLocationsPage;
			sourceTree = "<group>";
		};
		7C9AC8212A0CF54700E3E28D /* view */ = {
			isa = PBXGroup;
			children = (
				7C9AC8232A0CF59D00E3E28D /* SavedLocationsViewController.swift */,
				7C9AC8272A0D2CE400E3E28D /* SavedLocationsOutput.swift */,
			);
			path = view;
			sourceTree = "<group>";
		};
		7C9AC8222A0CF54B00E3E28D /* viewModel */ = {
			isa = PBXGroup;
			children = (
				7C9AC8252A0CF5CD00E3E28D /* SavedLocationsViewModel.swift */,
			);
			path = viewModel;
			sourceTree = "<group>";
		};
/* End PBXGroup section */

/* Begin PBXNativeTarget section */
		7C0503132A0A27D700FD837A /* TravelBookWithMapKit */ = {
			isa = PBXNativeTarget;
			buildConfigurationList = 7C05032B2A0A27D800FD837A /* Build configuration list for PBXNativeTarget "TravelBookWithMapKit" */;
			buildPhases = (
				7C0503102A0A27D700FD837A /* Sources */,
				7C0503112A0A27D700FD837A /* Frameworks */,
				7C0503122A0A27D700FD837A /* Resources */,
			);
			buildRules = (
			);
			dependencies = (
			);
			name = TravelBookWithMapKit;
			productName = TravelBookWithMapKit;
			productReference = 7C0503142A0A27D700FD837A /* TravelBookWithMapKit.app */;
			productType = "com.apple.product-type.application";
		};
/* End PBXNativeTarget section */

/* Begin PBXProject section */
		7C05030C2A0A27D700FD837A /* Project object */ = {
			isa = PBXProject;
			attributes = {
				BuildIndependentTargetsInParallel = 1;
				LastSwiftUpdateCheck = 1400;
				LastUpgradeCheck = 1400;
				TargetAttributes = {
					7C0503132A0A27D700FD837A = {
						CreatedOnToolsVersion = 14.0.1;
					};
				};
			};
			buildConfigurationList = 7C05030F2A0A27D700FD837A /* Build configuration list for PBXProject "TravelBookWithMapKit" */;
			compatibilityVersion = "Xcode 14.0";
			developmentRegion = en;
			hasScannedForEncodings = 0;
			knownRegions = (
				en,
				Base,
			);
			mainGroup = 7C05030B2A0A27D700FD837A;
			productRefGroup = 7C0503152A0A27D700FD837A /* Products */;
			projectDirPath = "";
			projectRoot = "";
			targets = (
				7C0503132A0A27D700FD837A /* TravelBookWithMapKit */,
			);
		};
/* End PBXProject section */

/* Begin PBXResourcesBuildPhase section */
		7C0503122A0A27D700FD837A /* Resources */ = {
			isa = PBXResourcesBuildPhase;
			buildActionMask = 2147483647;
			files = (
				7C0503272A0A27D800FD837A /* LaunchScreen.storyboard in Resources */,
				7C0503242A0A27D800FD837A /* Assets.xcassets in Resources */,
			);
			runOnlyForDeploymentPostprocessing = 0;
		};
/* End PBXResourcesBuildPhase section */

/* Begin PBXSourcesBuildPhase section */
		7C0503102A0A27D700FD837A /* Sources */ = {
			isa = PBXSourcesBuildPhase;
			buildActionMask = 2147483647;
			files = (
				7C9AC8262A0CF5CD00E3E28D /* SavedLocationsViewModel.swift in Sources */,
				7C0503342A0A66B700FD837A /* MapViewModelOutput.swift in Sources */,
				7C0503312A0A667500FD837A /* MapViewModel.swift in Sources */,
				7C0503222A0A27D700FD837A /* TravelBookWithMapKit.xcdatamodeld in Sources */,
				7C05031C2A0A27D700FD837A /* MapViewController.swift in Sources */,
				7C0503182A0A27D700FD837A /* AppDelegate.swift in Sources */,
				7C05031A2A0A27D700FD837A /* SceneDelegate.swift in Sources */,
				7C9AC8282A0D2CE400E3E28D /* SavedLocationsOutput.swift in Sources */,
				7C65746D2A0BD9A300F52030 /* SavedLocation.swift in Sources */,
				7C9AC8242A0CF59D00E3E28D /* SavedLocationsViewController.swift in Sources */,
			);
			runOnlyForDeploymentPostprocessing = 0;
		};
/* End PBXSourcesBuildPhase section */

/* Begin PBXVariantGroup section */
		7C0503252A0A27D800FD837A /* LaunchScreen.storyboard */ = {
			isa = PBXVariantGroup;
			children = (
				7C0503262A0A27D800FD837A /* Base */,
			);
			name = LaunchScreen.storyboard;
			sourceTree = "<group>";
		};
/* End PBXVariantGroup section */

/* Begin XCBuildConfiguration section */
		7C0503292A0A27D800FD837A /* Debug */ = {
			isa = XCBuildConfiguration;
			buildSettings = {
				ALWAYS_SEARCH_USER_PATHS = NO;
				CLANG_ANALYZER_NONNULL = YES;
				CLANG_ANALYZER_NUMBER_OBJECT_CONVERSION = YES_AGGRESSIVE;
				CLANG_CXX_LANGUAGE_STANDARD = "gnu++20";
				CLANG_ENABLE_MODULES = YES;
				CLANG_ENABLE_OBJC_ARC = YES;
				CLANG_ENABLE_OBJC_WEAK = YES;
				CLANG_WARN_BLOCK_CAPTURE_AUTORELEASING = YES;
				CLANG_WARN_BOOL_CONVERSION = YES;
				CLANG_WARN_COMMA = YES;
				CLANG_WARN_CONSTANT_CONVERSION = YES;
				CLANG_WARN_DEPRECATED_OBJC_IMPLEMENTATIONS = YES;
				CLANG_WARN_DIRECT_OBJC_ISA_USAGE = YES_ERROR;
				CLANG_WARN_DOCUMENTATION_COMMENTS = YES;
				CLANG_WARN_EMPTY_BODY = YES;
				CLANG_WARN_ENUM_CONVERSION = YES;
				CLANG_WARN_INFINITE_RECURSION = YES;
				CLANG_WARN_INT_CONVERSION = YES;
				CLANG_WARN_NON_LITERAL_NULL_CONVERSION = YES;
				CLANG_WARN_OBJC_IMPLICIT_RETAIN_SELF = YES;
				CLANG_WARN_OBJC_LITERAL_CONVERSION = YES;
				CLANG_WARN_OBJC_ROOT_CLASS = YES_ERROR;
				CLANG_WARN_QUOTED_INCLUDE_IN_FRAMEWORK_HEADER = YES;
				CLANG_WARN_RANGE_LOOP_ANALYSIS = YES;
				CLANG_WARN_STRICT_PROTOTYPES = YES;
				CLANG_WARN_SUSPICIOUS_MOVE = YES;
				CLANG_WARN_UNGUARDED_AVAILABILITY = YES_AGGRESSIVE;
				CLANG_WARN_UNREACHABLE_CODE = YES;
				CLANG_WARN__DUPLICATE_METHOD_MATCH = YES;
				COPY_PHASE_STRIP = NO;
				DEBUG_INFORMATION_FORMAT = dwarf;
				ENABLE_STRICT_OBJC_MSGSEND = YES;
				ENABLE_TESTABILITY = YES;
				GCC_C_LANGUAGE_STANDARD = gnu11;
				GCC_DYNAMIC_NO_PIC = NO;
				GCC_NO_COMMON_BLOCKS = YES;
				GCC_OPTIMIZATION_LEVEL = 0;
				GCC_PREPROCESSOR_DEFINITIONS = (
					"DEBUG=1",
					"$(inherited)",
				);
				GCC_WARN_64_TO_32_BIT_CONVERSION = YES;
				GCC_WARN_ABOUT_RETURN_TYPE = YES_ERROR;
				GCC_WARN_UNDECLARED_SELECTOR = YES;
				GCC_WARN_UNINITIALIZED_AUTOS = YES_AGGRESSIVE;
				GCC_WARN_UNUSED_FUNCTION = YES;
				GCC_WARN_UNUSED_VARIABLE = YES;
				IPHONEOS_DEPLOYMENT_TARGET = 16.0;
				MTL_ENABLE_DEBUG_INFO = INCLUDE_SOURCE;
				MTL_FAST_MATH = YES;
				ONLY_ACTIVE_ARCH = YES;
				SDKROOT = iphoneos;
				SWIFT_ACTIVE_COMPILATION_CONDITIONS = DEBUG;
				SWIFT_OPTIMIZATION_LEVEL = "-Onone";
			};
			name = Debug;
		};
		7C05032A2A0A27D800FD837A /* Release */ = {
			isa = XCBuildConfiguration;
			buildSettings = {
				ALWAYS_SEARCH_USER_PATHS = NO;
				CLANG_ANALYZER_NONNULL = YES;
				CLANG_ANALYZER_NUMBER_OBJECT_CONVERSION = YES_AGGRESSIVE;
				CLANG_CXX_LANGUAGE_STANDARD = "gnu++20";
				CLANG_ENABLE_MODULES = YES;
				CLANG_ENABLE_OBJC_ARC = YES;
				CLANG_ENABLE_OBJC_WEAK = YES;
				CLANG_WARN_BLOCK_CAPTURE_AUTORELEASING = YES;
				CLANG_WARN_BOOL_CONVERSION = YES;
				CLANG_WARN_COMMA = YES;
				CLANG_WARN_CONSTANT_CONVERSION = YES;
				CLANG_WARN_DEPRECATED_OBJC_IMPLEMENTATIONS = YES;
				CLANG_WARN_DIRECT_OBJC_ISA_USAGE = YES_ERROR;
				CLANG_WARN_DOCUMENTATION_COMMENTS = YES;
				CLANG_WARN_EMPTY_BODY = YES;
				CLANG_WARN_ENUM_CONVERSION = YES;
				CLANG_WARN_INFINITE_RECURSION = YES;
				CLANG_WARN_INT_CONVERSION = YES;
				CLANG_WARN_NON_LITERAL_NULL_CONVERSION = YES;
				CLANG_WARN_OBJC_IMPLICIT_RETAIN_SELF = YES;
				CLANG_WARN_OBJC_LITERAL_CONVERSION = YES;
				CLANG_WARN_OBJC_ROOT_CLASS = YES_ERROR;
				CLANG_WARN_QUOTED_INCLUDE_IN_FRAMEWORK_HEADER = YES;
				CLANG_WARN_RANGE_LOOP_ANALYSIS = YES;
				CLANG_WARN_STRICT_PROTOTYPES = YES;
				CLANG_WARN_SUSPICIOUS_MOVE = YES;
				CLANG_WARN_UNGUARDED_AVAILABILITY = YES_AGGRESSIVE;
				CLANG_WARN_UNREACHABLE_CODE = YES;
				CLANG_WARN__DUPLICATE_METHOD_MATCH = YES;
				COPY_PHASE_STRIP = NO;
				DEBUG_INFORMATION_FORMAT = "dwarf-with-dsym";
				ENABLE_NS_ASSERTIONS = NO;
				ENABLE_STRICT_OBJC_MSGSEND = YES;
				GCC_C_LANGUAGE_STANDARD = gnu11;
				GCC_NO_COMMON_BLOCKS = YES;
				GCC_WARN_64_TO_32_BIT_CONVERSION = YES;
				GCC_WARN_ABOUT_RETURN_TYPE = YES_ERROR;
				GCC_WARN_UNDECLARED_SELECTOR = YES;
				GCC_WARN_UNINITIALIZED_AUTOS = YES_AGGRESSIVE;
				GCC_WARN_UNUSED_FUNCTION = YES;
				GCC_WARN_UNUSED_VARIABLE = YES;
				IPHONEOS_DEPLOYMENT_TARGET = 16.0;
				MTL_ENABLE_DEBUG_INFO = NO;
				MTL_FAST_MATH = YES;
				SDKROOT = iphoneos;
				SWIFT_COMPILATION_MODE = wholemodule;
				SWIFT_OPTIMIZATION_LEVEL = "-O";
				VALIDATE_PRODUCT = YES;
			};
			name = Release;
		};
		7C05032C2A0A27D800FD837A /* Debug */ = {
			isa = XCBuildConfiguration;
			buildSettings = {
				ASSETCATALOG_COMPILER_APPICON_NAME = AppIcon;
				ASSETCATALOG_COMPILER_GLOBAL_ACCENT_COLOR_NAME = AccentColor;
				CODE_SIGN_STYLE = Automatic;
				CURRENT_PROJECT_VERSION = 1;
				DEVELOPMENT_TEAM = RR848T8KH2;
				GENERATE_INFOPLIST_FILE = YES;
				INFOPLIST_FILE = TravelBookWithMapKit/Info.plist;
				INFOPLIST_KEY_UIApplicationSupportsIndirectInputEvents = YES;
				INFOPLIST_KEY_UILaunchStoryboardName = LaunchScreen;
				INFOPLIST_KEY_UISupportedInterfaceOrientations_iPad = "UIInterfaceOrientationPortrait UIInterfaceOrientationPortraitUpsideDown UIInterfaceOrientationLandscapeLeft UIInterfaceOrientationLandscapeRight";
				INFOPLIST_KEY_UISupportedInterfaceOrientations_iPhone = "UIInterfaceOrientationPortrait UIInterfaceOrientationLandscapeLeft UIInterfaceOrientationLandscapeRight";
				LD_RUNPATH_SEARCH_PATHS = (
					"$(inherited)",
					"@executable_path/Frameworks",
				);
				MARKETING_VERSION = 1.0;
				PRODUCT_BUNDLE_IDENTIFIER = com.TravelBookWithMapKit;
				PRODUCT_NAME = "$(TARGET_NAME)";
				SWIFT_EMIT_LOC_STRINGS = YES;
				SWIFT_VERSION = 5.0;
				TARGETED_DEVICE_FAMILY = "1,2";
			};
			name = Debug;
		};
		7C05032D2A0A27D800FD837A /* Release */ = {
			isa = XCBuildConfiguration;
			buildSettings = {
				ASSETCATALOG_COMPILER_APPICON_NAME = AppIcon;
				ASSETCATALOG_COMPILER_GLOBAL_ACCENT_COLOR_NAME = AccentColor;
				CODE_SIGN_STYLE = Automatic;
				CURRENT_PROJECT_VERSION = 1;
				DEVELOPMENT_TEAM = RR848T8KH2;
				GENERATE_INFOPLIST_FILE = YES;
				INFOPLIST_FILE = TravelBookWithMapKit/Info.plist;
				INFOPLIST_KEY_UIApplicationSupportsIndirectInputEvents = YES;
				INFOPLIST_KEY_UILaunchStoryboardName = LaunchScreen;
				INFOPLIST_KEY_UISupportedInterfaceOrientations_iPad = "UIInterfaceOrientationPortrait UIInterfaceOrientationPortraitUpsideDown UIInterfaceOrientationLandscapeLeft UIInterfaceOrientationLandscapeRight";
				INFOPLIST_KEY_UISupportedInterfaceOrientations_iPhone = "UIInterfaceOrientationPortrait UIInterfaceOrientationLandscapeLeft UIInterfaceOrientationLandscapeRight";
				LD_RUNPATH_SEARCH_PATHS = (
					"$(inherited)",
					"@executable_path/Frameworks",
				);
				MARKETING_VERSION = 1.0;
				PRODUCT_BUNDLE_IDENTIFIER = com.TravelBookWithMapKit;
				PRODUCT_NAME = "$(TARGET_NAME)";
				SWIFT_EMIT_LOC_STRINGS = YES;
				SWIFT_VERSION = 5.0;
				TARGETED_DEVICE_FAMILY = "1,2";
			};
			name = Release;
		};
/* End XCBuildConfiguration section */

/* Begin XCConfigurationList section */
		7C05030F2A0A27D700FD837A /* Build configuration list for PBXProject "TravelBookWithMapKit" */ = {
			isa = XCConfigurationList;
			buildConfigurations = (
				7C0503292A0A27D800FD837A /* Debug */,
				7C05032A2A0A27D800FD837A /* Release */,
			);
			defaultConfigurationIsVisible = 0;
			defaultConfigurationName = Release;
		};
		7C05032B2A0A27D800FD837A /* Build configuration list for PBXNativeTarget "TravelBookWithMapKit" */ = {
			isa = XCConfigurationList;
			buildConfigurations = (
				7C05032C2A0A27D800FD837A /* Debug */,
				7C05032D2A0A27D800FD837A /* Release */,
			);
			defaultConfigurationIsVisible = 0;
			defaultConfigurationName = Release;
		};
/* End XCConfigurationList section */

/* Begin XCVersionGroup section */
		7C0503202A0A27D700FD837A /* TravelBookWithMapKit.xcdatamodeld */ = {
			isa = XCVersionGroup;
			children = (
				7C0503212A0A27D700FD837A /* TravelBookWithMapKit.xcdatamodel */,
			);
			currentVersion = 7C0503212A0A27D700FD837A /* TravelBookWithMapKit.xcdatamodel */;
			path = TravelBookWithMapKit.xcdatamodeld;
			sourceTree = "<group>";
			versionGroupType = wrapper.xcdatamodel;
		};
/* End XCVersionGroup section */
	};
	rootObject = 7C05030C2A0A27D700FD837A /* Project object */;
}
